# THIS IS AN AUTOGENERATED FILE. DO NOT EDIT THIS FILE DIRECTLY.
# yarn lockfile v1


"@now/node@^1.6.1":
  version "1.6.1"
  resolved "https://registry.yarnpkg.com/@now/node/-/node-1.6.1.tgz#d478bfbc98af05d3eae7b5b01b26d1a1c638819b"
  integrity sha512-EdSdOS4HSJRexibxIbrKCLZZ1sc0+oaD0P7kvhf26CbXSNlrZP0Iycpb+fbO4Qc2EcmGR2am90DhoX548B5a7g==
  dependencies:
    "@types/node" "*"

"@types/node@*":
  version "14.0.5"
  resolved "https://registry.yarnpkg.com/@types/node/-/node-14.0.5.tgz#3d03acd3b3414cf67faf999aed11682ed121f22b"
  integrity sha512-90hiq6/VqtQgX8Sp0EzeIsv3r+ellbGj4URKj5j30tLlZvRUpnAe9YbYnjl3pJM93GyXU0tghHhvXHq+5rnCKA==

now@^19.0.1:
  version "19.0.1"
  resolved "https://registry.yarnpkg.com/now/-/now-19.0.1.tgz#a4575adfed17ea049d9207c145f3ce7f60c818cf"
  integrity sha512-Q/dUlRBPzoy6lHw9P9qnzGmXw3aBU5ypQ1JjrKwoQJoEVhU5hCa9dJCEtIiSIG5cModcirU0xJPemg54dvWPnA==

typescript@^3.9.2:
  version "3.9.3"
  resolved "https://registry.yarnpkg.com/typescript/-/typescript-3.9.3.tgz#d3ac8883a97c26139e42df5e93eeece33d610b8a"
  integrity sha512-D/wqnB2xzNFIcoBG9FG8cXRDjiqSTbG2wd8DMZeQyJlP1vfTkIxH4GKveWaEBYySKIg+USu+E+EDIR47SqnaMQ==
